
Microsoft Visual Studio Solution File, Format Version 12.00
#
Project("{FAE04EC0-301F-11D3-BF4B-00C04F79EFBC}") = "Micro.Tenants.IntegrationTests", "tests\Micro.Tenants.IntegrationTests\Micro.Tenants.IntegrationTests.csproj", "{74F19403-CCCC-4B1C-9810-58E139698770}"
EndProject
Project("{2150E333-8FDC-42A3-9474-1A3956D46DE8}") = ".docker", ".docker", "{CC782926-4967-457F-88A2-A4BCD13C38EB}"
	ProjectSection(SolutionItems) = preProject
		docker-compose-infra.yml = docker-compose-infra.yml
		docker-compose-acceptance.yml = docker-compose-acceptance.yml
		docker-compose-integration.yml = docker-compose-integration.yml
		docker-compose-unit.yml = docker-compose-unit.yml
		run-docker-compose-test.sh = run-docker-compose-test.sh
		run-docker-compose-build.sh = run-docker-compose-build.sh
		.dockerignore = .dockerignore
		docker-compose.yml = docker-compose.yml
		docker-compose-proxy.yml = docker-compose-proxy.yml
	EndProjectSection
EndProject
Project("{FAE04EC0-301F-11D3-BF4B-00C04F79EFBC}") = "Micro.Translations.Infrastructure", "src\Micro.Translations.Infrastructure\Micro.Translations.Infrastructure.csproj", "{78DC164C-08C1-4797-8229-502F45FF4C96}"
EndProject
Project("{FAE04EC0-301F-11D3-BF4B-00C04F79EFBC}") = "Micro.Translations.IntegrationTests", "tests\Micro.Translations.IntegrationTests\Micro.Translations.IntegrationTests.csproj", "{2137843E-DE15-468B-8126-01C8DA8651C1}"
EndProject
Project("{FAE04EC0-301F-11D3-BF4B-00C04F79EFBC}") = "Micro.Cli", "src\Micro.Cli\Micro.Cli.csproj", "{EC07F9A9-C93F-4E60-B1F0-EB031463181B}"
EndProject
Project("{FAE04EC0-301F-11D3-BF4B-00C04F79EFBC}") = "Micro.Web", "src\Micro.Web\Micro.Web.csproj", "{89D08F8E-6B4C-494E-995F-B35314A1C233}"
EndProject
Project("{FAE04EC0-301F-11D3-BF4B-00C04F79EFBC}") = "Micro.Common", "src\Micro.Common\Micro.Common.csproj", "{7F5702D7-1808-443D-BD92-FFD5FADE5158}"
EndProject
Project("{FAE04EC0-301F-11D3-BF4B-00C04F79EFBC}") = "Micro.Web.AcceptanceTests", "tests\Micro.Web.AcceptanceTests\Micro.Web.AcceptanceTests.csproj", "{303110BA-112C-4CF4-AE69-7376AA933F87}"
EndProject
Project("{FAE04EC0-301F-11D3-BF4B-00C04F79EFBC}") = "Micro.Translations.Domain.UnitTests", "tests\Micro.Translations.Domain.UnitTests\Micro.Translations.Domain.UnitTests.csproj", "{8C389821-57AF-4369-8B35-F5AD237B8DC5}"
EndProject
Project("{2150E333-8FDC-42A3-9474-1A3956D46DE8}") = ".docs", ".docs", "{E4EC8390-5BB7-4A6D-941F-E9A1131F9DA2}"
	ProjectSection(SolutionItems) = preProject
		readme.md = readme.md
	EndProjectSection
EndProject
Project("{FAE04EC0-301F-11D3-BF4B-00C04F79EFBC}") = "Micro.Tenants.Domain.UnitTests", "tests\Micro.Tenants.Domain.UnitTests\Micro.Tenants.Domain.UnitTests.csproj", "{F027DC8A-1DD9-4541-BB29-8B911287DBDC}"
EndProject
Project("{2150E333-8FDC-42A3-9474-1A3956D46DE8}") = "modules", "modules", "{C5645A63-6FD2-4A01-B273-11061F068C10}"
EndProject
Project("{2150E333-8FDC-42A3-9474-1A3956D46DE8}") = "tenants", "tenants", "{B351D8DC-4C47-4FB8-8CBA-4975D90885A3}"
EndProject
Project("{2150E333-8FDC-42A3-9474-1A3956D46DE8}") = "translations", "translations", "{2FED42D9-12CB-4636-A42B-A1723C72B3DF}"
EndProject
Project("{FAE04EC0-301F-11D3-BF4B-00C04F79EFBC}") = "Micro.Tenants.Messages", "src\Micro.Tenants.Messages\Micro.Tenants.Messages.csproj", "{EFEE4927-9402-4E85-81A2-F2BC9602725B}"
EndProject
Project("{FAE04EC0-301F-11D3-BF4B-00C04F79EFBC}") = "Micro.Translations.Messages", "src\Micro.Translations.Messages\Micro.Translations.Messages.csproj", "{3D592CBB-3478-4BDD-936D-0436EA07014E}"
EndProject
Project("{FAE04EC0-301F-11D3-BF4B-00C04F79EFBC}") = "Micro.Common.UnitTests", "tests\Micro.Common.UnitTests\Micro.Common.UnitTests.csproj", "{D83D5413-12DA-49BE-89CA-3A55041DA1E1}"
EndProject
Project("{FAE04EC0-301F-11D3-BF4B-00C04F79EFBC}") = "Micro.Modules.IntegrationTests", "tests\Micro.Modules.IntegrationTests\Micro.Modules.IntegrationTests.csproj", "{CB7A4003-0789-4740-A6C6-AD687D80EEA5}"
EndProject
Project("{2150E333-8FDC-42A3-9474-1A3956D46DE8}") = ".scripts", ".scripts", "{4451ED11-3583-4CD6-9C83-AF8C6ED0D3FE}"
	ProjectSection(SolutionItems) = preProject
		run.sh = run.sh
		watch.sh = watch.sh
		create-module.sh = create-module.sh
	EndProjectSection
EndProject
Project("{FAE04EC0-301F-11D3-BF4B-00C04F79EFBC}") = "Micro.Users.Messages", "src\Micro.Users.Messages\Micro.Users.Messages.csproj", "{E49CD730-BFF0-4F56-B69C-E005F24034C3}"
EndProject
Project("{FAE04EC0-301F-11D3-BF4B-00C04F79EFBC}") = "Micro.Users.IntegrationTests", "tests\Micro.Users.IntegrationTests\Micro.Users.IntegrationTests.csproj", "{1E66C0C9-DAA3-4E55-86C7-F6197E900D57}"
EndProject
Project("{FAE04EC0-301F-11D3-BF4B-00C04F79EFBC}") = "Micro.Users.Domain.UnitTests", "tests\Micro.Users.Domain.UnitTests\Micro.Users.Domain.UnitTests.csproj", "{360D495D-4117-434D-BCFD-FA4CB2EEF296}"
EndProject
Project("{2150E333-8FDC-42A3-9474-1A3956D46DE8}") = "users", "users", "{72E53323-A8EC-4833-A5C1-0C233FA443B5}"
EndProject
Project("{2150E333-8FDC-42A3-9474-1A3956D46DE8}") = ".github", ".github", "{644DFC0E-D660-4C21-A3B0-40B264F88C8F}"
	ProjectSection(SolutionItems) = preProject
		.github\workflows\release.yml = .github\workflows\release.yml
	EndProjectSection
EndProject
Project("{2150E333-8FDC-42A3-9474-1A3956D46DE8}") = "common", "common", "{882D2D96-59E4-408F-AF68-9E83F4B454E1}"
EndProject
Project("{2150E333-8FDC-42A3-9474-1A3956D46DE8}") = "tests", "tests", "{18275B1C-629B-45E2-A968-E2B4C38FE1AA}"
EndProject
Project("{FAE04EC0-301F-11D3-BF4B-00C04F79EFBC}") = "Micro.IntegrationTests.Common", "tests\Micro.IntegrationTests.Common\Micro.IntegrationTests.Common.csproj", "{94FFE5B1-1AED-459E-9326-0CE9105B5A8A}"
EndProject
Project("{2150E333-8FDC-42A3-9474-1A3956D46DE8}") = "web", "web", "{F43D780D-0CAF-4662-935C-D7572DF70078}"
EndProject
Project("{2150E333-8FDC-42A3-9474-1A3956D46DE8}") = "cli", "cli", "{99181E11-142C-4C97-B254-9E9E7E27EF05}"
EndProject
Project("{FAE04EC0-301F-11D3-BF4B-00C04F79EFBC}") = "Micro.Translations.Domain", "src\Micro.Translations.Domain\Micro.Translations.Domain.csproj", "{FD363FE6-167C-4321-A645-EDAC914D35A9}"
EndProject
Project("{2150E333-8FDC-42A3-9474-1A3956D46DE8}") = "tests", "tests", "{A9CF1D41-F2F6-438F-BF26-F8B3C6DFDE94}"
EndProject
Project("{2150E333-8FDC-42A3-9474-1A3956D46DE8}") = "tests", "tests", "{F31AF4F2-EF6E-423A-9E8D-8FD2A6A5508F}"
EndProject
Project("{FAE04EC0-301F-11D3-BF4B-00C04F79EFBC}") = "Micro.Users.Application", "src\Micro.Users.Application\Micro.Users.Application.csproj", "{F6117A4E-3072-452A-9E25-526D6C6EF596}"
EndProject
Project("{FAE04EC0-301F-11D3-BF4B-00C04F79EFBC}") = "Micro.Users.Domain", "src\Micro.Users.Domain\Micro.Users.Domain.csproj", "{A586F145-8947-4818-8E4A-F8BB2D165B3B}"
EndProject
Project("{FAE04EC0-301F-11D3-BF4B-00C04F79EFBC}") = "Micro.Users.Infrastructure", "src\Micro.Users.Infrastructure\Micro.Users.Infrastructure.csproj", "{996AF0D7-C214-41AD-BA3A-36236A986EFA}"
EndProject
Project("{FAE04EC0-301F-11D3-BF4B-00C04F79EFBC}") = "Micro.Translations.Application", "src\Micro.Translations.Application\Micro.Translations.Application.csproj", "{66FE1B97-1001-4FA7-B57C-1798D240FCFD}"
EndProject
Project("{FAE04EC0-301F-11D3-BF4B-00C04F79EFBC}") = "Micro.Tenants.Application", "src\Micro.Tenants.Application\Micro.Tenants.Application.csproj", "{D3CA9A96-3F91-453F-A2AA-2AF19482B42B}"
EndProject
Project("{FAE04EC0-301F-11D3-BF4B-00C04F79EFBC}") = "Micro.Tenants.Domain", "src\Micro.Tenants.Domain\Micro.Tenants.Domain.csproj", "{2B35EB18-49A3-410C-B1F9-67D2705A6D44}"
EndProject
Project("{FAE04EC0-301F-11D3-BF4B-00C04F79EFBC}") = "Micro.Tenants.Infrastructure", "src\Micro.Tenants.Infrastructure\Micro.Tenants.Infrastructure.csproj", "{9AC163C2-D404-4F73-8928-15470211509E}"
EndProject
Project("{2150E333-8FDC-42A3-9474-1A3956D46DE8}") = "tests", "tests", "{7DC7C14D-29C7-47F2-8DEF-51833930A56D}"
EndProject
Global
	GlobalSection(SolutionConfigurationPlatforms) = preSolution
		Debug|Any CPU = Debug|Any CPU
		Release|Any CPU = Release|Any CPU
	EndGlobalSection
	GlobalSection(ProjectConfigurationPlatforms) = postSolution
		{74F19403-CCCC-4B1C-9810-58E139698770}.Debug|Any CPU.ActiveCfg = Debug|Any CPU
		{74F19403-CCCC-4B1C-9810-58E139698770}.Debug|Any CPU.Build.0 = Debug|Any CPU
		{74F19403-CCCC-4B1C-9810-58E139698770}.Release|Any CPU.ActiveCfg = Release|Any CPU
		{74F19403-CCCC-4B1C-9810-58E139698770}.Release|Any CPU.Build.0 = Release|Any CPU
		{78DC164C-08C1-4797-8229-502F45FF4C96}.Debug|Any CPU.ActiveCfg = Debug|Any CPU
		{78DC164C-08C1-4797-8229-502F45FF4C96}.Debug|Any CPU.Build.0 = Debug|Any CPU
		{78DC164C-08C1-4797-8229-502F45FF4C96}.Release|Any CPU.ActiveCfg = Release|Any CPU
		{78DC164C-08C1-4797-8229-502F45FF4C96}.Release|Any CPU.Build.0 = Release|Any CPU
		{2137843E-DE15-468B-8126-01C8DA8651C1}.Debug|Any CPU.ActiveCfg = Debug|Any CPU
		{2137843E-DE15-468B-8126-01C8DA8651C1}.Debug|Any CPU.Build.0 = Debug|Any CPU
		{2137843E-DE15-468B-8126-01C8DA8651C1}.Release|Any CPU.ActiveCfg = Release|Any CPU
		{2137843E-DE15-468B-8126-01C8DA8651C1}.Release|Any CPU.Build.0 = Release|Any CPU
		{EC07F9A9-C93F-4E60-B1F0-EB031463181B}.Debug|Any CPU.ActiveCfg = Debug|Any CPU
		{EC07F9A9-C93F-4E60-B1F0-EB031463181B}.Debug|Any CPU.Build.0 = Debug|Any CPU
		{EC07F9A9-C93F-4E60-B1F0-EB031463181B}.Release|Any CPU.ActiveCfg = Release|Any CPU
		{EC07F9A9-C93F-4E60-B1F0-EB031463181B}.Release|Any CPU.Build.0 = Release|Any CPU
		{89D08F8E-6B4C-494E-995F-B35314A1C233}.Debug|Any CPU.ActiveCfg = Debug|Any CPU
		{89D08F8E-6B4C-494E-995F-B35314A1C233}.Debug|Any CPU.Build.0 = Debug|Any CPU
		{89D08F8E-6B4C-494E-995F-B35314A1C233}.Release|Any CPU.ActiveCfg = Release|Any CPU
		{89D08F8E-6B4C-494E-995F-B35314A1C233}.Release|Any CPU.Build.0 = Release|Any CPU
		{7F5702D7-1808-443D-BD92-FFD5FADE5158}.Debug|Any CPU.ActiveCfg = Debug|Any CPU
		{7F5702D7-1808-443D-BD92-FFD5FADE5158}.Debug|Any CPU.Build.0 = Debug|Any CPU
		{7F5702D7-1808-443D-BD92-FFD5FADE5158}.Release|Any CPU.ActiveCfg = Release|Any CPU
		{7F5702D7-1808-443D-BD92-FFD5FADE5158}.Release|Any CPU.Build.0 = Release|Any CPU
		{303110BA-112C-4CF4-AE69-7376AA933F87}.Debug|Any CPU.ActiveCfg = Debug|Any CPU
		{303110BA-112C-4CF4-AE69-7376AA933F87}.Debug|Any CPU.Build.0 = Debug|Any CPU
		{303110BA-112C-4CF4-AE69-7376AA933F87}.Release|Any CPU.ActiveCfg = Release|Any CPU
		{303110BA-112C-4CF4-AE69-7376AA933F87}.Release|Any CPU.Build.0 = Release|Any CPU
		{8C389821-57AF-4369-8B35-F5AD237B8DC5}.Debug|Any CPU.ActiveCfg = Debug|Any CPU
		{8C389821-57AF-4369-8B35-F5AD237B8DC5}.Debug|Any CPU.Build.0 = Debug|Any CPU
		{8C389821-57AF-4369-8B35-F5AD237B8DC5}.Release|Any CPU.ActiveCfg = Release|Any CPU
		{8C389821-57AF-4369-8B35-F5AD237B8DC5}.Release|Any CPU.Build.0 = Release|Any CPU
		{F027DC8A-1DD9-4541-BB29-8B911287DBDC}.Debug|Any CPU.ActiveCfg = Debug|Any CPU
		{F027DC8A-1DD9-4541-BB29-8B911287DBDC}.Debug|Any CPU.Build.0 = Debug|Any CPU
		{F027DC8A-1DD9-4541-BB29-8B911287DBDC}.Release|Any CPU.ActiveCfg = Release|Any CPU
		{F027DC8A-1DD9-4541-BB29-8B911287DBDC}.Release|Any CPU.Build.0 = Release|Any CPU
		{EFEE4927-9402-4E85-81A2-F2BC9602725B}.Debug|Any CPU.ActiveCfg = Debug|Any CPU
		{EFEE4927-9402-4E85-81A2-F2BC9602725B}.Debug|Any CPU.Build.0 = Debug|Any CPU
		{EFEE4927-9402-4E85-81A2-F2BC9602725B}.Release|Any CPU.ActiveCfg = Release|Any CPU
		{EFEE4927-9402-4E85-81A2-F2BC9602725B}.Release|Any CPU.Build.0 = Release|Any CPU
		{3D592CBB-3478-4BDD-936D-0436EA07014E}.Debug|Any CPU.ActiveCfg = Debug|Any CPU
		{3D592CBB-3478-4BDD-936D-0436EA07014E}.Debug|Any CPU.Build.0 = Debug|Any CPU
		{3D592CBB-3478-4BDD-936D-0436EA07014E}.Release|Any CPU.ActiveCfg = Release|Any CPU
		{3D592CBB-3478-4BDD-936D-0436EA07014E}.Release|Any CPU.Build.0 = Release|Any CPU
		{D83D5413-12DA-49BE-89CA-3A55041DA1E1}.Debug|Any CPU.ActiveCfg = Debug|Any CPU
		{D83D5413-12DA-49BE-89CA-3A55041DA1E1}.Debug|Any CPU.Build.0 = Debug|Any CPU
		{D83D5413-12DA-49BE-89CA-3A55041DA1E1}.Release|Any CPU.ActiveCfg = Release|Any CPU
		{D83D5413-12DA-49BE-89CA-3A55041DA1E1}.Release|Any CPU.Build.0 = Release|Any CPU
		{CB7A4003-0789-4740-A6C6-AD687D80EEA5}.Debug|Any CPU.ActiveCfg = Debug|Any CPU
		{CB7A4003-0789-4740-A6C6-AD687D80EEA5}.Debug|Any CPU.Build.0 = Debug|Any CPU
		{CB7A4003-0789-4740-A6C6-AD687D80EEA5}.Release|Any CPU.ActiveCfg = Release|Any CPU
		{CB7A4003-0789-4740-A6C6-AD687D80EEA5}.Release|Any CPU.Build.0 = Release|Any CPU
		{E49CD730-BFF0-4F56-B69C-E005F24034C3}.Debug|Any CPU.ActiveCfg = Debug|Any CPU
		{E49CD730-BFF0-4F56-B69C-E005F24034C3}.Debug|Any CPU.Build.0 = Debug|Any CPU
		{E49CD730-BFF0-4F56-B69C-E005F24034C3}.Release|Any CPU.ActiveCfg = Release|Any CPU
		{E49CD730-BFF0-4F56-B69C-E005F24034C3}.Release|Any CPU.Build.0 = Release|Any CPU
		{1E66C0C9-DAA3-4E55-86C7-F6197E900D57}.Debug|Any CPU.ActiveCfg = Debug|Any CPU
		{1E66C0C9-DAA3-4E55-86C7-F6197E900D57}.Debug|Any CPU.Build.0 = Debug|Any CPU
		{1E66C0C9-DAA3-4E55-86C7-F6197E900D57}.Release|Any CPU.ActiveCfg = Release|Any CPU
		{1E66C0C9-DAA3-4E55-86C7-F6197E900D57}.Release|Any CPU.Build.0 = Release|Any CPU
		{360D495D-4117-434D-BCFD-FA4CB2EEF296}.Debug|Any CPU.ActiveCfg = Debug|Any CPU
		{360D495D-4117-434D-BCFD-FA4CB2EEF296}.Debug|Any CPU.Build.0 = Debug|Any CPU
		{360D495D-4117-434D-BCFD-FA4CB2EEF296}.Release|Any CPU.ActiveCfg = Release|Any CPU
		{360D495D-4117-434D-BCFD-FA4CB2EEF296}.Release|Any CPU.Build.0 = Release|Any CPU
		{94FFE5B1-1AED-459E-9326-0CE9105B5A8A}.Debug|Any CPU.ActiveCfg = Debug|Any CPU
		{94FFE5B1-1AED-459E-9326-0CE9105B5A8A}.Debug|Any CPU.Build.0 = Debug|Any CPU
		{94FFE5B1-1AED-459E-9326-0CE9105B5A8A}.Release|Any CPU.ActiveCfg = Release|Any CPU
		{94FFE5B1-1AED-459E-9326-0CE9105B5A8A}.Release|Any CPU.Build.0 = Release|Any CPU
		{FD363FE6-167C-4321-A645-EDAC914D35A9}.Debug|Any CPU.ActiveCfg = Debug|Any CPU
		{FD363FE6-167C-4321-A645-EDAC914D35A9}.Debug|Any CPU.Build.0 = Debug|Any CPU
		{FD363FE6-167C-4321-A645-EDAC914D35A9}.Release|Any CPU.ActiveCfg = Release|Any CPU
		{FD363FE6-167C-4321-A645-EDAC914D35A9}.Release|Any CPU.Build.0 = Release|Any CPU
		{F6117A4E-3072-452A-9E25-526D6C6EF596}.Debug|Any CPU.ActiveCfg = Debug|Any CPU
		{F6117A4E-3072-452A-9E25-526D6C6EF596}.Debug|Any CPU.Build.0 = Debug|Any CPU
		{F6117A4E-3072-452A-9E25-526D6C6EF596}.Release|Any CPU.ActiveCfg = Release|Any CPU
		{F6117A4E-3072-452A-9E25-526D6C6EF596}.Release|Any CPU.Build.0 = Release|Any CPU
		{A586F145-8947-4818-8E4A-F8BB2D165B3B}.Debug|Any CPU.ActiveCfg = Debug|Any CPU
		{A586F145-8947-4818-8E4A-F8BB2D165B3B}.Debug|Any CPU.Build.0 = Debug|Any CPU
		{A586F145-8947-4818-8E4A-F8BB2D165B3B}.Release|Any CPU.ActiveCfg = Release|Any CPU
		{A586F145-8947-4818-8E4A-F8BB2D165B3B}.Release|Any CPU.Build.0 = Release|Any CPU
		{996AF0D7-C214-41AD-BA3A-36236A986EFA}.Debug|Any CPU.ActiveCfg = Debug|Any CPU
		{996AF0D7-C214-41AD-BA3A-36236A986EFA}.Debug|Any CPU.Build.0 = Debug|Any CPU
		{996AF0D7-C214-41AD-BA3A-36236A986EFA}.Release|Any CPU.ActiveCfg = Release|Any CPU
		{996AF0D7-C214-41AD-BA3A-36236A986EFA}.Release|Any CPU.Build.0 = Release|Any CPU
		{66FE1B97-1001-4FA7-B57C-1798D240FCFD}.Debug|Any CPU.ActiveCfg = Debug|Any CPU
		{66FE1B97-1001-4FA7-B57C-1798D240FCFD}.Debug|Any CPU.Build.0 = Debug|Any CPU
		{66FE1B97-1001-4FA7-B57C-1798D240FCFD}.Release|Any CPU.ActiveCfg = Release|Any CPU
		{66FE1B97-1001-4FA7-B57C-1798D240FCFD}.Release|Any CPU.Build.0 = Release|Any CPU
		{D3CA9A96-3F91-453F-A2AA-2AF19482B42B}.Debug|Any CPU.ActiveCfg = Debug|Any CPU
		{D3CA9A96-3F91-453F-A2AA-2AF19482B42B}.Debug|Any CPU.Build.0 = Debug|Any CPU
		{D3CA9A96-3F91-453F-A2AA-2AF19482B42B}.Release|Any CPU.ActiveCfg = Release|Any CPU
		{D3CA9A96-3F91-453F-A2AA-2AF19482B42B}.Release|Any CPU.Build.0 = Release|Any CPU
		{2B35EB18-49A3-410C-B1F9-67D2705A6D44}.Debug|Any CPU.ActiveCfg = Debug|Any CPU
		{2B35EB18-49A3-410C-B1F9-67D2705A6D44}.Debug|Any CPU.Build.0 = Debug|Any CPU
		{2B35EB18-49A3-410C-B1F9-67D2705A6D44}.Release|Any CPU.ActiveCfg = Release|Any CPU
		{2B35EB18-49A3-410C-B1F9-67D2705A6D44}.Release|Any CPU.Build.0 = Release|Any CPU
		{9AC163C2-D404-4F73-8928-15470211509E}.Debug|Any CPU.ActiveCfg = Debug|Any CPU
		{9AC163C2-D404-4F73-8928-15470211509E}.Debug|Any CPU.Build.0 = Debug|Any CPU
		{9AC163C2-D404-4F73-8928-15470211509E}.Release|Any CPU.ActiveCfg = Release|Any CPU
		{9AC163C2-D404-4F73-8928-15470211509E}.Release|Any CPU.Build.0 = Release|Any CPU
	EndGlobalSection
	GlobalSection(NestedProjects) = preSolution
		{B351D8DC-4C47-4FB8-8CBA-4975D90885A3} = {C5645A63-6FD2-4A01-B273-11061F068C10}
		{2FED42D9-12CB-4636-A42B-A1723C72B3DF} = {C5645A63-6FD2-4A01-B273-11061F068C10}
		{78DC164C-08C1-4797-8229-502F45FF4C96} = {2FED42D9-12CB-4636-A42B-A1723C72B3DF}
		{EFEE4927-9402-4E85-81A2-F2BC9602725B} = {B351D8DC-4C47-4FB8-8CBA-4975D90885A3}
		{3D592CBB-3478-4BDD-936D-0436EA07014E} = {2FED42D9-12CB-4636-A42B-A1723C72B3DF}
		{72E53323-A8EC-4833-A5C1-0C233FA443B5} = {C5645A63-6FD2-4A01-B273-11061F068C10}
		{E49CD730-BFF0-4F56-B69C-E005F24034C3} = {72E53323-A8EC-4833-A5C1-0C233FA443B5}
		{882D2D96-59E4-408F-AF68-9E83F4B454E1} = {C5645A63-6FD2-4A01-B273-11061F068C10}
		{7F5702D7-1808-443D-BD92-FFD5FADE5158} = {882D2D96-59E4-408F-AF68-9E83F4B454E1}
		{D83D5413-12DA-49BE-89CA-3A55041DA1E1} = {882D2D96-59E4-408F-AF68-9E83F4B454E1}
		{94FFE5B1-1AED-459E-9326-0CE9105B5A8A} = {18275B1C-629B-45E2-A968-E2B4C38FE1AA}
		{89D08F8E-6B4C-494E-995F-B35314A1C233} = {F43D780D-0CAF-4662-935C-D7572DF70078}
		{303110BA-112C-4CF4-AE69-7376AA933F87} = {F43D780D-0CAF-4662-935C-D7572DF70078}
		{EC07F9A9-C93F-4E60-B1F0-EB031463181B} = {99181E11-142C-4C97-B254-9E9E7E27EF05}
		{CB7A4003-0789-4740-A6C6-AD687D80EEA5} = {18275B1C-629B-45E2-A968-E2B4C38FE1AA}
		{FD363FE6-167C-4321-A645-EDAC914D35A9} = {2FED42D9-12CB-4636-A42B-A1723C72B3DF}
		{A9CF1D41-F2F6-438F-BF26-F8B3C6DFDE94} = {2FED42D9-12CB-4636-A42B-A1723C72B3DF}
		{8C389821-57AF-4369-8B35-F5AD237B8DC5} = {A9CF1D41-F2F6-438F-BF26-F8B3C6DFDE94}
		{2137843E-DE15-468B-8126-01C8DA8651C1} = {A9CF1D41-F2F6-438F-BF26-F8B3C6DFDE94}
		{F31AF4F2-EF6E-423A-9E8D-8FD2A6A5508F} = {72E53323-A8EC-4833-A5C1-0C233FA443B5}
		{1E66C0C9-DAA3-4E55-86C7-F6197E900D57} = {F31AF4F2-EF6E-423A-9E8D-8FD2A6A5508F}
		{360D495D-4117-434D-BCFD-FA4CB2EEF296} = {F31AF4F2-EF6E-423A-9E8D-8FD2A6A5508F}
		{F6117A4E-3072-452A-9E25-526D6C6EF596} = {72E53323-A8EC-4833-A5C1-0C233FA443B5}
		{A586F145-8947-4818-8E4A-F8BB2D165B3B} = {72E53323-A8EC-4833-A5C1-0C233FA443B5}
		{996AF0D7-C214-41AD-BA3A-36236A986EFA} = {72E53323-A8EC-4833-A5C1-0C233FA443B5}
		{66FE1B97-1001-4FA7-B57C-1798D240FCFD} = {2FED42D9-12CB-4636-A42B-A1723C72B3DF}
		{D3CA9A96-3F91-453F-A2AA-2AF19482B42B} = {B351D8DC-4C47-4FB8-8CBA-4975D90885A3}
		{2B35EB18-49A3-410C-B1F9-67D2705A6D44} = {B351D8DC-4C47-4FB8-8CBA-4975D90885A3}
		{9AC163C2-D404-4F73-8928-15470211509E} = {B351D8DC-4C47-4FB8-8CBA-4975D90885A3}
		{7DC7C14D-29C7-47F2-8DEF-51833930A56D} = {B351D8DC-4C47-4FB8-8CBA-4975D90885A3}
		{F027DC8A-1DD9-4541-BB29-8B911287DBDC} = {7DC7C14D-29C7-47F2-8DEF-51833930A56D}
		{74F19403-CCCC-4B1C-9810-58E139698770} = {7DC7C14D-29C7-47F2-8DEF-51833930A56D}
	EndGlobalSection
EndGlobal
