
Microsoft Visual Studio Solution File, Format Version 12.00
Project("{FAE04EC0-301F-11D3-BF4B-00C04F79EFBC}") = "Micro.Tenants", "src\Micro.Tenants\Micro.Tenants.csproj", "{5F16D48A-25CB-405C-9F6A-7DD9FCEE1D11}"
EndProject
Project("{FAE04EC0-301F-11D3-BF4B-00C04F79EFBC}") = "Micro.Tenants.IntegrationTests", "Tests\Micro.Tenants.IntegrationTests\Micro.Tenants.IntegrationTests.csproj", "{74F19403-CCCC-4B1C-9810-58E139698770}"
EndProject
Project("{2150E333-8FDC-42A3-9474-1A3956D46DE8}") = "docker", "docker", "{CC782926-4967-457F-88A2-A4BCD13C38EB}"
	ProjectSection(SolutionItems) = preProject
		docker-compose-infra.yml = docker-compose-infra.yml
	EndProjectSection
EndProject
Project("{FAE04EC0-301F-11D3-BF4B-00C04F79EFBC}") = "Micro.Translations", "src\Micro.Translations\Micro.Translations.csproj", "{78DC164C-08C1-4797-8229-502F45FF4C96}"
EndProject
Project("{FAE04EC0-301F-11D3-BF4B-00C04F79EFBC}") = "Micro.Translations.IntegrationTests", "tests\Micro.Translations.IntegrationTests\Micro.Translations.IntegrationTests.csproj", "{2137843E-DE15-468B-8126-01C8DA8651C1}"
EndProject
Project("{FAE04EC0-301F-11D3-BF4B-00C04F79EFBC}") = "Micro.Cli", "src\Micro.Cli\Micro.Cli.csproj", "{EC07F9A9-C93F-4E60-B1F0-EB031463181B}"
EndProject
Project("{FAE04EC0-301F-11D3-BF4B-00C04F79EFBC}") = "Micro.Web", "src\Micro.Web\Micro.Web.csproj", "{89D08F8E-6B4C-494E-995F-B35314A1C233}"
EndProject
Project("{FAE04EC0-301F-11D3-BF4B-00C04F79EFBC}") = "Micro.Common", "src\Micro.Common\Micro.Common.csproj", "{7F5702D7-1808-443D-BD92-FFD5FADE5158}"
EndProject
Project("{FAE04EC0-301F-11D3-BF4B-00C04F79EFBC}") = "Micro.Web.AcceptanceTests", "tests\Micro.Web.AcceptanceTests\Micro.Web.AcceptanceTests.csproj", "{303110BA-112C-4CF4-AE69-7376AA933F87}"
EndProject
Project("{FAE04EC0-301F-11D3-BF4B-00C04F79EFBC}") = "Micro.Translations.UnitTests", "tests\Micro.Translations.UnitTests\Micro.Translations.UnitTests.csproj", "{8C389821-57AF-4369-8B35-F5AD237B8DC5}"
EndProject
Project("{2150E333-8FDC-42A3-9474-1A3956D46DE8}") = "docs", "docs", "{E4EC8390-5BB7-4A6D-941F-E9A1131F9DA2}"
	ProjectSection(SolutionItems) = preProject
		readme.md = readme.md
	EndProjectSection
EndProject
Project("{FAE04EC0-301F-11D3-BF4B-00C04F79EFBC}") = "Micro.Tenants.UnitTests", "tests\Micro.Tenants.UnitTests\Micro.Tenants.UnitTests.csproj", "{F027DC8A-1DD9-4541-BB29-8B911287DBDC}"
EndProject
Global
	GlobalSection(SolutionConfigurationPlatforms) = preSolution
		Debug|Any CPU = Debug|Any CPU
		Release|Any CPU = Release|Any CPU
	EndGlobalSection
	GlobalSection(ProjectConfigurationPlatforms) = postSolution
		{5F16D48A-25CB-405C-9F6A-7DD9FCEE1D11}.Debug|Any CPU.ActiveCfg = Debug|Any CPU
		{5F16D48A-25CB-405C-9F6A-7DD9FCEE1D11}.Debug|Any CPU.Build.0 = Debug|Any CPU
		{5F16D48A-25CB-405C-9F6A-7DD9FCEE1D11}.Release|Any CPU.ActiveCfg = Release|Any CPU
		{5F16D48A-25CB-405C-9F6A-7DD9FCEE1D11}.Release|Any CPU.Build.0 = Release|Any CPU
		{74F19403-CCCC-4B1C-9810-58E139698770}.Debug|Any CPU.ActiveCfg = Debug|Any CPU
		{74F19403-CCCC-4B1C-9810-58E139698770}.Debug|Any CPU.Build.0 = Debug|Any CPU
		{74F19403-CCCC-4B1C-9810-58E139698770}.Release|Any CPU.ActiveCfg = Release|Any CPU
		{74F19403-CCCC-4B1C-9810-58E139698770}.Release|Any CPU.Build.0 = Release|Any CPU
		{78DC164C-08C1-4797-8229-502F45FF4C96}.Debug|Any CPU.ActiveCfg = Debug|Any CPU
		{78DC164C-08C1-4797-8229-502F45FF4C96}.Debug|Any CPU.Build.0 = Debug|Any CPU
		{78DC164C-08C1-4797-8229-502F45FF4C96}.Release|Any CPU.ActiveCfg = Release|Any CPU
		{78DC164C-08C1-4797-8229-502F45FF4C96}.Release|Any CPU.Build.0 = Release|Any CPU
		{2137843E-DE15-468B-8126-01C8DA8651C1}.Debug|Any CPU.ActiveCfg = Debug|Any CPU
		{2137843E-DE15-468B-8126-01C8DA8651C1}.Debug|Any CPU.Build.0 = Debug|Any CPU
		{2137843E-DE15-468B-8126-01C8DA8651C1}.Release|Any CPU.ActiveCfg = Release|Any CPU
		{2137843E-DE15-468B-8126-01C8DA8651C1}.Release|Any CPU.Build.0 = Release|Any CPU
		{EC07F9A9-C93F-4E60-B1F0-EB031463181B}.Debug|Any CPU.ActiveCfg = Debug|Any CPU
		{EC07F9A9-C93F-4E60-B1F0-EB031463181B}.Debug|Any CPU.Build.0 = Debug|Any CPU
		{EC07F9A9-C93F-4E60-B1F0-EB031463181B}.Release|Any CPU.ActiveCfg = Release|Any CPU
		{EC07F9A9-C93F-4E60-B1F0-EB031463181B}.Release|Any CPU.Build.0 = Release|Any CPU
		{89D08F8E-6B4C-494E-995F-B35314A1C233}.Debug|Any CPU.ActiveCfg = Debug|Any CPU
		{89D08F8E-6B4C-494E-995F-B35314A1C233}.Debug|Any CPU.Build.0 = Debug|Any CPU
		{89D08F8E-6B4C-494E-995F-B35314A1C233}.Release|Any CPU.ActiveCfg = Release|Any CPU
		{89D08F8E-6B4C-494E-995F-B35314A1C233}.Release|Any CPU.Build.0 = Release|Any CPU
		{7F5702D7-1808-443D-BD92-FFD5FADE5158}.Debug|Any CPU.ActiveCfg = Debug|Any CPU
		{7F5702D7-1808-443D-BD92-FFD5FADE5158}.Debug|Any CPU.Build.0 = Debug|Any CPU
		{7F5702D7-1808-443D-BD92-FFD5FADE5158}.Release|Any CPU.ActiveCfg = Release|Any CPU
		{7F5702D7-1808-443D-BD92-FFD5FADE5158}.Release|Any CPU.Build.0 = Release|Any CPU
		{303110BA-112C-4CF4-AE69-7376AA933F87}.Debug|Any CPU.ActiveCfg = Debug|Any CPU
		{303110BA-112C-4CF4-AE69-7376AA933F87}.Debug|Any CPU.Build.0 = Debug|Any CPU
		{303110BA-112C-4CF4-AE69-7376AA933F87}.Release|Any CPU.ActiveCfg = Release|Any CPU
		{303110BA-112C-4CF4-AE69-7376AA933F87}.Release|Any CPU.Build.0 = Release|Any CPU
		{8C389821-57AF-4369-8B35-F5AD237B8DC5}.Debug|Any CPU.ActiveCfg = Debug|Any CPU
		{8C389821-57AF-4369-8B35-F5AD237B8DC5}.Debug|Any CPU.Build.0 = Debug|Any CPU
		{8C389821-57AF-4369-8B35-F5AD237B8DC5}.Release|Any CPU.ActiveCfg = Release|Any CPU
		{8C389821-57AF-4369-8B35-F5AD237B8DC5}.Release|Any CPU.Build.0 = Release|Any CPU
		{F027DC8A-1DD9-4541-BB29-8B911287DBDC}.Debug|Any CPU.ActiveCfg = Debug|Any CPU
		{F027DC8A-1DD9-4541-BB29-8B911287DBDC}.Debug|Any CPU.Build.0 = Debug|Any CPU
		{F027DC8A-1DD9-4541-BB29-8B911287DBDC}.Release|Any CPU.ActiveCfg = Release|Any CPU
		{F027DC8A-1DD9-4541-BB29-8B911287DBDC}.Release|Any CPU.Build.0 = Release|Any CPU
	EndGlobalSection
EndGlobal
